// !$*UTF8*$!
{
	archiveVersion = 1;
	classes = {
	};
	objectVersion = 46;
	objects = {

/* Begin PBXBuildFile section */
		2C4F760C6601C4986D542E8B /* libPods-Vratis.a in Frameworks */ = {isa = PBXBuildFile; fileRef = 5753916F993E6796A30FFE59 /* libPods-Vratis.a */; };
		2FBE7E8D853DB3283B932555 /* libPods-VratisTests.a in Frameworks */ = {isa = PBXBuildFile; fileRef = 28F9ACD5965345B4B09E128B /* libPods-VratisTests.a */; };
		AF4C96BE1DC117EE004961BC /* main.m in Sources */ = {isa = PBXBuildFile; fileRef = AF4C96BD1DC117EE004961BC /* main.m */; };
		AF4C96C11DC117EE004961BC /* VratisAppDelegate.m in Sources */ = {isa = PBXBuildFile; fileRef = AF4C96C01DC117EE004961BC /* VratisAppDelegate.m */; };
		AF4C96C71DC117EE004961BC /* Camera.storyboard in Resources */ = {isa = PBXBuildFile; fileRef = AF4C96C51DC117EE004961BC /* Camera.storyboard */; };
		AF4C96CC1DC117EE004961BC /* LaunchScreen.storyboard in Resources */ = {isa = PBXBuildFile; fileRef = AF4C96CA1DC117EE004961BC /* LaunchScreen.storyboard */; };
		AF4C96D71DC117EF004961BC /* VratisTests.m in Sources */ = {isa = PBXBuildFile; fileRef = AF4C96D61DC117EF004961BC /* VratisTests.m */; };
		AF605E9F1DD75A5800D38E8F /* SettingsTableDataSource.m in Sources */ = {isa = PBXBuildFile; fileRef = AF605E9E1DD75A5800D38E8F /* SettingsTableDataSource.m */; };
		AF78F8B01DD120630012EA1E /* RootModel.m in Sources */ = {isa = PBXBuildFile; fileRef = AF78F8A11DD120630012EA1E /* RootModel.m */; };
		AF78F8B11DD120630012EA1E /* RootModelString.m in Sources */ = {isa = PBXBuildFile; fileRef = AF78F8A31DD120630012EA1E /* RootModelString.m */; };
		AF78F8B21DD120630012EA1E /* CaptureView.m in Sources */ = {isa = PBXBuildFile; fileRef = AF78F8A51DD120630012EA1E /* CaptureView.m */; };
		AF78F8B31DD120630012EA1E /* SettingsView.m in Sources */ = {isa = PBXBuildFile; fileRef = AF78F8A71DD120630012EA1E /* SettingsView.m */; };
		AF78F8B41DD120630012EA1E /* CameraViewController.m in Sources */ = {isa = PBXBuildFile; fileRef = AF78F8A91DD120630012EA1E /* CameraViewController.m */; };
		AF78F8B51DD120630012EA1E /* Page.m in Sources */ = {isa = PBXBuildFile; fileRef = AF78F8AB1DD120630012EA1E /* Page.m */; };
		AF78F8B61DD120630012EA1E /* RootViewController.m in Sources */ = {isa = PBXBuildFile; fileRef = AF78F8AD1DD120630012EA1E /* RootViewController.m */; };
		AF78F8B71DD120630012EA1E /* SettingsViewController.m in Sources */ = {isa = PBXBuildFile; fileRef = AF78F8AF1DD120630012EA1E /* SettingsViewController.m */; };
		AF864CB31DE77E42000CBDB7 /* WroclawDefaultLocation.gpx in Resources */ = {isa = PBXBuildFile; fileRef = AF864CB21DE77E42000CBDB7 /* WroclawDefaultLocation.gpx */; };
		AF864CBA1DE792D1000CBDB7 /* MapModel.xcdatamodeld in Sources */ = {isa = PBXBuildFile; fileRef = AF864CB81DE792D1000CBDB7 /* MapModel.xcdatamodeld */; };
		AF864CBC1DE79557000CBDB7 /* CoreData.framework in Frameworks */ = {isa = PBXBuildFile; fileRef = AF864CBB1DE79557000CBDB7 /* CoreData.framework */; };
		AF864CBF1DE797B2000CBDB7 /* MapViewDataSource.m in Sources */ = {isa = PBXBuildFile; fileRef = AF864CBE1DE797B2000CBDB7 /* MapViewDataSource.m */; };
		AF864CC21DE7999A000CBDB7 /* MOMapPoint.m in Sources */ = {isa = PBXBuildFile; fileRef = AF864CC11DE7999A000CBDB7 /* MOMapPoint.m */; };
		AF864CC51DE7B0CE000CBDB7 /* MapPoint.m in Sources */ = {isa = PBXBuildFile; fileRef = AF864CC41DE7B0CE000CBDB7 /* MapPoint.m */; };
		AF99F0881DE4A99800022926 /* MapViewController.m in Sources */ = {isa = PBXBuildFile; fileRef = AF99F0871DE4A99800022926 /* MapViewController.m */; };
		AF99F08B1DE4A9AE00022926 /* MapView.m in Sources */ = {isa = PBXBuildFile; fileRef = AF99F08A1DE4A9AE00022926 /* MapView.m */; };
		AF99F08F1DE4B18000022926 /* MapKit.framework in Frameworks */ = {isa = PBXBuildFile; fileRef = AF99F08E1DE4B18000022926 /* MapKit.framework */; };
		AF99F0911DE4CDA700022926 /* CoreLocation.framework in Frameworks */ = {isa = PBXBuildFile; fileRef = AF99F0901DE4CDA700022926 /* CoreLocation.framework */; };
		AFB5D2671DCFBA8600A35812 /* Media.xcassets in Resources */ = {isa = PBXBuildFile; fileRef = AFB5D2661DCFBA8600A35812 /* Media.xcassets */; };
		AFE6EE6E1DD7AE7A00EE3F18 /* CameraView.m in Sources */ = {isa = PBXBuildFile; fileRef = AFE6EE6A1DD7AE7A00EE3F18 /* CameraView.m */; };
		AFE6EE6F1DD7AE7A00EE3F18 /* SettingsTableViewCell.m in Sources */ = {isa = PBXBuildFile; fileRef = AFE6EE6C1DD7AE7A00EE3F18 /* SettingsTableViewCell.m */; };
		AFE6EE731DD7B37D00EE3F18 /* UserDefaults.plist in Resources */ = {isa = PBXBuildFile; fileRef = AFE6EE721DD7B37D00EE3F18 /* UserDefaults.plist */; };
		AFE6EE781DD7C26400EE3F18 /* NSError+Description.m in Sources */ = {isa = PBXBuildFile; fileRef = AFE6EE751DD7C26400EE3F18 /* NSError+Description.m */; };
		AFE6EE791DD7C26400EE3F18 /* PhotoCaptureDelegate.m in Sources */ = {isa = PBXBuildFile; fileRef = AFE6EE771DD7C26400EE3F18 /* PhotoCaptureDelegate.m */; };
		AFFDA4A71DD779600072D962 /* AVFoundation.framework in Frameworks */ = {isa = PBXBuildFile; fileRef = AFFDA4A61DD779600072D962 /* AVFoundation.framework */; };
/* End PBXBuildFile section */

/* Begin PBXContainerItemProxy section */
		AF4C96D31DC117EF004961BC /* PBXContainerItemProxy */ = {
			isa = PBXContainerItemProxy;
			containerPortal = AF4C96B11DC117EE004961BC /* Project object */;
			proxyType = 1;
			remoteGlobalIDString = AF4C96B81DC117EE004961BC;
			remoteInfo = Vratis;
		};
/* End PBXContainerItemProxy section */

/* Begin PBXFileReference section */
		0EE5B8976F6C6F6679486D27 /* Pods-Vratis.release.xcconfig */ = {isa = PBXFileReference; includeInIndex = 1; lastKnownFileType = text.xcconfig; name = "Pods-Vratis.release.xcconfig"; path = "Pods/Target Support Files/Pods-Vratis/Pods-Vratis.release.xcconfig"; sourceTree = "<group>"; };
		106B87F6DB01B54E498FBF8D /* Pods-Vratis.debug.xcconfig */ = {isa = PBXFileReference; includeInIndex = 1; lastKnownFileType = text.xcconfig; name = "Pods-Vratis.debug.xcconfig"; path = "Pods/Target Support Files/Pods-Vratis/Pods-Vratis.debug.xcconfig"; sourceTree = "<group>"; };
		28F9ACD5965345B4B09E128B /* libPods-VratisTests.a */ = {isa = PBXFileReference; explicitFileType = archive.ar; includeInIndex = 0; path = "libPods-VratisTests.a"; sourceTree = BUILT_PRODUCTS_DIR; };
		5753916F993E6796A30FFE59 /* libPods-Vratis.a */ = {isa = PBXFileReference; explicitFileType = archive.ar; includeInIndex = 0; path = "libPods-Vratis.a"; sourceTree = BUILT_PRODUCTS_DIR; };
		79DAA62CF828877EC0757B93 /* Pods-VratisTests.debug.xcconfig */ = {isa = PBXFileReference; includeInIndex = 1; lastKnownFileType = text.xcconfig; name = "Pods-VratisTests.debug.xcconfig"; path = "Pods/Target Support Files/Pods-VratisTests/Pods-VratisTests.debug.xcconfig"; sourceTree = "<group>"; };
		AF4C96B91DC117EE004961BC /* Vratis.app */ = {isa = PBXFileReference; explicitFileType = wrapper.application; includeInIndex = 0; path = Vratis.app; sourceTree = BUILT_PRODUCTS_DIR; };
		AF4C96BD1DC117EE004961BC /* main.m */ = {isa = PBXFileReference; lastKnownFileType = sourcecode.c.objc; path = main.m; sourceTree = "<group>"; };
		AF4C96BF1DC117EE004961BC /* VratisAppDelegate.h */ = {isa = PBXFileReference; lastKnownFileType = sourcecode.c.h; path = VratisAppDelegate.h; sourceTree = "<group>"; };
		AF4C96C01DC117EE004961BC /* VratisAppDelegate.m */ = {isa = PBXFileReference; lastKnownFileType = sourcecode.c.objc; path = VratisAppDelegate.m; sourceTree = "<group>"; };
		AF4C96C61DC117EE004961BC /* Base */ = {isa = PBXFileReference; lastKnownFileType = file.storyboard; name = Base; path = Base.lproj/Camera.storyboard; sourceTree = "<group>"; };
		AF4C96CB1DC117EE004961BC /* Base */ = {isa = PBXFileReference; lastKnownFileType = file.storyboard; name = Base; path = Base.lproj/LaunchScreen.storyboard; sourceTree = "<group>"; };
		AF4C96CD1DC117EE004961BC /* Info.plist */ = {isa = PBXFileReference; lastKnownFileType = text.plist.xml; path = Info.plist; sourceTree = "<group>"; };
		AF4C96D21DC117EF004961BC /* VratisTests.xctest */ = {isa = PBXFileReference; explicitFileType = wrapper.cfbundle; includeInIndex = 0; path = VratisTests.xctest; sourceTree = BUILT_PRODUCTS_DIR; };
		AF4C96D61DC117EF004961BC /* VratisTests.m */ = {isa = PBXFileReference; lastKnownFileType = sourcecode.c.objc; path = VratisTests.m; sourceTree = "<group>"; };
		AF4C96D81DC117EF004961BC /* Info.plist */ = {isa = PBXFileReference; lastKnownFileType = text.plist.xml; path = Info.plist; sourceTree = "<group>"; };
		AF605E9D1DD75A5800D38E8F /* SettingsTableDataSource.h */ = {isa = PBXFileReference; fileEncoding = 4; lastKnownFileType = sourcecode.c.h; name = SettingsTableDataSource.h; path = Model/SettingsTableDataSource.h; sourceTree = "<group>"; };
		AF605E9E1DD75A5800D38E8F /* SettingsTableDataSource.m */ = {isa = PBXFileReference; fileEncoding = 4; lastKnownFileType = sourcecode.c.objc; name = SettingsTableDataSource.m; path = Model/SettingsTableDataSource.m; sourceTree = "<group>"; };
		AF78F8A01DD120630012EA1E /* RootModel.h */ = {isa = PBXFileReference; fileEncoding = 4; lastKnownFileType = sourcecode.c.h; name = RootModel.h; path = Model/RootModel.h; sourceTree = "<group>"; };
		AF78F8A11DD120630012EA1E /* RootModel.m */ = {isa = PBXFileReference; fileEncoding = 4; lastKnownFileType = sourcecode.c.objc; name = RootModel.m; path = Model/RootModel.m; sourceTree = "<group>"; };
		AF78F8A21DD120630012EA1E /* RootModelString.h */ = {isa = PBXFileReference; fileEncoding = 4; lastKnownFileType = sourcecode.c.h; name = RootModelString.h; path = Model/RootModelString.h; sourceTree = "<group>"; };
		AF78F8A31DD120630012EA1E /* RootModelString.m */ = {isa = PBXFileReference; fileEncoding = 4; lastKnownFileType = sourcecode.c.objc; name = RootModelString.m; path = Model/RootModelString.m; sourceTree = "<group>"; };
		AF78F8A41DD120630012EA1E /* CaptureView.h */ = {isa = PBXFileReference; fileEncoding = 4; lastKnownFileType = sourcecode.c.h; name = CaptureView.h; path = View/CaptureView.h; sourceTree = "<group>"; };
		AF78F8A51DD120630012EA1E /* CaptureView.m */ = {isa = PBXFileReference; fileEncoding = 4; lastKnownFileType = sourcecode.c.objc; name = CaptureView.m; path = View/CaptureView.m; sourceTree = "<group>"; };
		AF78F8A61DD120630012EA1E /* SettingsView.h */ = {isa = PBXFileReference; fileEncoding = 4; lastKnownFileType = sourcecode.c.h; name = SettingsView.h; path = View/SettingsView.h; sourceTree = "<group>"; };
		AF78F8A71DD120630012EA1E /* SettingsView.m */ = {isa = PBXFileReference; fileEncoding = 4; lastKnownFileType = sourcecode.c.objc; name = SettingsView.m; path = View/SettingsView.m; sourceTree = "<group>"; };
		AF78F8A81DD120630012EA1E /* CameraViewController.h */ = {isa = PBXFileReference; fileEncoding = 4; lastKnownFileType = sourcecode.c.h; name = CameraViewController.h; path = "View Controller/CameraViewController.h"; sourceTree = "<group>"; };
		AF78F8A91DD120630012EA1E /* CameraViewController.m */ = {isa = PBXFileReference; fileEncoding = 4; lastKnownFileType = sourcecode.c.objc; name = CameraViewController.m; path = "View Controller/CameraViewController.m"; sourceTree = "<group>"; };
		AF78F8AA1DD120630012EA1E /* Page.h */ = {isa = PBXFileReference; fileEncoding = 4; lastKnownFileType = sourcecode.c.h; name = Page.h; path = "View Controller/Page.h"; sourceTree = "<group>"; };
		AF78F8AB1DD120630012EA1E /* Page.m */ = {isa = PBXFileReference; fileEncoding = 4; lastKnownFileType = sourcecode.c.objc; name = Page.m; path = "View Controller/Page.m"; sourceTree = "<group>"; };
		AF78F8AC1DD120630012EA1E /* RootViewController.h */ = {isa = PBXFileReference; fileEncoding = 4; lastKnownFileType = sourcecode.c.h; name = RootViewController.h; path = "View Controller/RootViewController.h"; sourceTree = "<group>"; };
		AF78F8AD1DD120630012EA1E /* RootViewController.m */ = {isa = PBXFileReference; fileEncoding = 4; lastKnownFileType = sourcecode.c.objc; name = RootViewController.m; path = "View Controller/RootViewController.m"; sourceTree = "<group>"; };
		AF78F8AE1DD120630012EA1E /* SettingsViewController.h */ = {isa = PBXFileReference; fileEncoding = 4; lastKnownFileType = sourcecode.c.h; name = SettingsViewController.h; path = "View Controller/SettingsViewController.h"; sourceTree = "<group>"; };
		AF78F8AF1DD120630012EA1E /* SettingsViewController.m */ = {isa = PBXFileReference; fileEncoding = 4; lastKnownFileType = sourcecode.c.objc; name = SettingsViewController.m; path = "View Controller/SettingsViewController.m"; sourceTree = "<group>"; };
		AF864CB21DE77E42000CBDB7 /* WroclawDefaultLocation.gpx */ = {isa = PBXFileReference; fileEncoding = 4; lastKnownFileType = text.xml; name = WroclawDefaultLocation.gpx; path = ../WroclawDefaultLocation.gpx; sourceTree = "<group>"; };
		AF864CB91DE792D1000CBDB7 /* MapModel.xcdatamodel */ = {isa = PBXFileReference; lastKnownFileType = wrapper.xcdatamodel; path = MapModel.xcdatamodel; sourceTree = "<group>"; };
		AF864CBB1DE79557000CBDB7 /* CoreData.framework */ = {isa = PBXFileReference; lastKnownFileType = wrapper.framework; name = CoreData.framework; path = System/Library/Frameworks/CoreData.framework; sourceTree = SDKROOT; };
		AF864CBD1DE797B2000CBDB7 /* MapViewDataSource.h */ = {isa = PBXFileReference; fileEncoding = 4; lastKnownFileType = sourcecode.c.h; path = MapViewDataSource.h; sourceTree = "<group>"; };
		AF864CBE1DE797B2000CBDB7 /* MapViewDataSource.m */ = {isa = PBXFileReference; fileEncoding = 4; lastKnownFileType = sourcecode.c.objc; path = MapViewDataSource.m; sourceTree = "<group>"; };
		AF864CC01DE7999A000CBDB7 /* MOMapPoint.h */ = {isa = PBXFileReference; fileEncoding = 4; lastKnownFileType = sourcecode.c.h; name = MOMapPoint.h; path = ../MOMapPoint.h; sourceTree = "<group>"; };
		AF864CC11DE7999A000CBDB7 /* MOMapPoint.m */ = {isa = PBXFileReference; fileEncoding = 4; lastKnownFileType = sourcecode.c.objc; name = MOMapPoint.m; path = ../MOMapPoint.m; sourceTree = "<group>"; };
		AF864CC31DE7B0CE000CBDB7 /* MapPoint.h */ = {isa = PBXFileReference; fileEncoding = 4; lastKnownFileType = sourcecode.c.h; path = MapPoint.h; sourceTree = "<group>"; };
		AF864CC41DE7B0CE000CBDB7 /* MapPoint.m */ = {isa = PBXFileReference; fileEncoding = 4; lastKnownFileType = sourcecode.c.objc; path = MapPoint.m; sourceTree = "<group>"; };
		AF99F0861DE4A99800022926 /* MapViewController.h */ = {isa = PBXFileReference; fileEncoding = 4; lastKnownFileType = sourcecode.c.h; name = MapViewController.h; path = ../MapViewController.h; sourceTree = "<group>"; };
		AF99F0871DE4A99800022926 /* MapViewController.m */ = {isa = PBXFileReference; fileEncoding = 4; lastKnownFileType = sourcecode.c.objc; name = MapViewController.m; path = ../MapViewController.m; sourceTree = "<group>"; };
		AF99F0891DE4A9AE00022926 /* MapView.h */ = {isa = PBXFileReference; fileEncoding = 4; lastKnownFileType = sourcecode.c.h; path = MapView.h; sourceTree = "<group>"; };
		AF99F08A1DE4A9AE00022926 /* MapView.m */ = {isa = PBXFileReference; fileEncoding = 4; lastKnownFileType = sourcecode.c.objc; path = MapView.m; sourceTree = "<group>"; };
		AF99F08E1DE4B18000022926 /* MapKit.framework */ = {isa = PBXFileReference; lastKnownFileType = wrapper.framework; name = MapKit.framework; path = System/Library/Frameworks/MapKit.framework; sourceTree = SDKROOT; };
		AF99F0901DE4CDA700022926 /* CoreLocation.framework */ = {isa = PBXFileReference; lastKnownFileType = wrapper.framework; name = CoreLocation.framework; path = System/Library/Frameworks/CoreLocation.framework; sourceTree = SDKROOT; };
		AFB5D2661DCFBA8600A35812 /* Media.xcassets */ = {isa = PBXFileReference; lastKnownFileType = folder.assetcatalog; name = Media.xcassets; path = ../Media.xcassets; sourceTree = "<group>"; };
		AFE6EE691DD7AE7A00EE3F18 /* CameraView.h */ = {isa = PBXFileReference; fileEncoding = 4; lastKnownFileType = sourcecode.c.h; name = CameraView.h; path = View/CameraView.h; sourceTree = "<group>"; };
		AFE6EE6A1DD7AE7A00EE3F18 /* CameraView.m */ = {isa = PBXFileReference; fileEncoding = 4; lastKnownFileType = sourcecode.c.objc; name = CameraView.m; path = View/CameraView.m; sourceTree = "<group>"; };
		AFE6EE6B1DD7AE7A00EE3F18 /* SettingsTableViewCell.h */ = {isa = PBXFileReference; fileEncoding = 4; lastKnownFileType = sourcecode.c.h; name = SettingsTableViewCell.h; path = View/SettingsTableViewCell.h; sourceTree = "<group>"; };
		AFE6EE6C1DD7AE7A00EE3F18 /* SettingsTableViewCell.m */ = {isa = PBXFileReference; fileEncoding = 4; lastKnownFileType = sourcecode.c.objc; name = SettingsTableViewCell.m; path = View/SettingsTableViewCell.m; sourceTree = "<group>"; };
		AFE6EE721DD7B37D00EE3F18 /* UserDefaults.plist */ = {isa = PBXFileReference; fileEncoding = 4; lastKnownFileType = text.plist.xml; path = UserDefaults.plist; sourceTree = "<group>"; };
		AFE6EE741DD7C26400EE3F18 /* NSError+Description.h */ = {isa = PBXFileReference; fileEncoding = 4; lastKnownFileType = sourcecode.c.h; path = "NSError+Description.h"; sourceTree = "<group>"; };
		AFE6EE751DD7C26400EE3F18 /* NSError+Description.m */ = {isa = PBXFileReference; fileEncoding = 4; lastKnownFileType = sourcecode.c.objc; path = "NSError+Description.m"; sourceTree = "<group>"; };
		AFE6EE761DD7C26400EE3F18 /* PhotoCaptureDelegate.h */ = {isa = PBXFileReference; fileEncoding = 4; lastKnownFileType = sourcecode.c.h; name = PhotoCaptureDelegate.h; path = "View Controller/PhotoCaptureDelegate.h"; sourceTree = "<group>"; };
		AFE6EE771DD7C26400EE3F18 /* PhotoCaptureDelegate.m */ = {isa = PBXFileReference; fileEncoding = 4; lastKnownFileType = sourcecode.c.objc; name = PhotoCaptureDelegate.m; path = "View Controller/PhotoCaptureDelegate.m"; sourceTree = "<group>"; };
		AFFDA4A61DD779600072D962 /* AVFoundation.framework */ = {isa = PBXFileReference; lastKnownFileType = wrapper.framework; name = AVFoundation.framework; path = System/Library/Frameworks/AVFoundation.framework; sourceTree = SDKROOT; };
		D811B7ABF75B2446102ABC59 /* Pods-VratisTests.release.xcconfig */ = {isa = PBXFileReference; includeInIndex = 1; lastKnownFileType = text.xcconfig; name = "Pods-VratisTests.release.xcconfig"; path = "Pods/Target Support Files/Pods-VratisTests/Pods-VratisTests.release.xcconfig"; sourceTree = "<group>"; };
/* End PBXFileReference section */

/* Begin PBXFrameworksBuildPhase section */
		AF4C96B61DC117EE004961BC /* Frameworks */ = {
			isa = PBXFrameworksBuildPhase;
			buildActionMask = 2147483647;
			files = (
				AF864CBC1DE79557000CBDB7 /* CoreData.framework in Frameworks */,
				AF99F0911DE4CDA700022926 /* CoreLocation.framework in Frameworks */,
				AF99F08F1DE4B18000022926 /* MapKit.framework in Frameworks */,
				AFFDA4A71DD779600072D962 /* AVFoundation.framework in Frameworks */,
				2C4F760C6601C4986D542E8B /* libPods-Vratis.a in Frameworks */,
			);
			runOnlyForDeploymentPostprocessing = 0;
		};
		AF4C96CF1DC117EF004961BC /* Frameworks */ = {
			isa = PBXFrameworksBuildPhase;
			buildActionMask = 2147483647;
			files = (
				2FBE7E8D853DB3283B932555 /* libPods-VratisTests.a in Frameworks */,
			);
			runOnlyForDeploymentPostprocessing = 0;
		};
/* End PBXFrameworksBuildPhase section */

/* Begin PBXGroup section */
		59CDF64A01E7ECD9555A521D /* Frameworks */ = {
			isa = PBXGroup;
			children = (
				AF864CBB1DE79557000CBDB7 /* CoreData.framework */,
				AF99F0901DE4CDA700022926 /* CoreLocation.framework */,
				AF99F08E1DE4B18000022926 /* MapKit.framework */,
				AFFDA4A61DD779600072D962 /* AVFoundation.framework */,
				5753916F993E6796A30FFE59 /* libPods-Vratis.a */,
				28F9ACD5965345B4B09E128B /* libPods-VratisTests.a */,
			);
			name = Frameworks;
			sourceTree = "<group>";
		};
		AF2ABDFE1DD1276400D3143F /* Storyboards */ = {
			isa = PBXGroup;
			children = (
				AF4C96C51DC117EE004961BC /* Camera.storyboard */,
				AF4C96CA1DC117EE004961BC /* LaunchScreen.storyboard */,
			);
			name = Storyboards;
			path = ..;
			sourceTree = "<group>";
		};
		AF4C96B01DC117EE004961BC = {
			isa = PBXGroup;
			children = (
				AF4C96BB1DC117EE004961BC /* Vratis */,
				AF4C96D51DC117EF004961BC /* VratisTests */,
				AF4C96BA1DC117EE004961BC /* Products */,
				F248A18876E0E2A4C9E1A9F6 /* Pods */,
				59CDF64A01E7ECD9555A521D /* Frameworks */,
			);
			sourceTree = "<group>";
		};
		AF4C96BA1DC117EE004961BC /* Products */ = {
			isa = PBXGroup;
			children = (
				AF4C96B91DC117EE004961BC /* Vratis.app */,
				AF4C96D21DC117EF004961BC /* VratisTests.xctest */,
			);
			name = Products;
			sourceTree = "<group>";
		};
		AF4C96BB1DC117EE004961BC /* Vratis */ = {
			isa = PBXGroup;
			children = (
				AF2ABDFE1DD1276400D3143F /* Storyboards */,
				AF4C96E51DC11CE2004961BC /* View Controller */,
				AF4C96BF1DC117EE004961BC /* VratisAppDelegate.h */,
				AF4C96C01DC117EE004961BC /* VratisAppDelegate.m */,
				AFB5D2661DCFBA8600A35812 /* Media.xcassets */,
				AF4C96CD1DC117EE004961BC /* Info.plist */,
				AF4C96BC1DC117EE004961BC /* Supporting Files */,
			);
			path = Vratis;
			sourceTree = "<group>";
		};
		AF4C96BC1DC117EE004961BC /* Supporting Files */ = {
			isa = PBXGroup;
			children = (
				AFE6EE751DD7C26400EE3F18 /* NSError+Description.m */,
				AFE6EE741DD7C26400EE3F18 /* NSError+Description.h */,
				AF4C96BD1DC117EE004961BC /* main.m */,
				AFE6EE721DD7B37D00EE3F18 /* UserDefaults.plist */,
			);
			name = "Supporting Files";
			sourceTree = "<group>";
		};
		AF4C96D51DC117EF004961BC /* VratisTests */ = {
			isa = PBXGroup;
			children = (
				AF4C96D61DC117EF004961BC /* VratisTests.m */,
				AF4C96D81DC117EF004961BC /* Info.plist */,
			);
			path = VratisTests;
			sourceTree = "<group>";
		};
		AF4C96E51DC11CE2004961BC /* View Controller */ = {
			isa = PBXGroup;
			children = (
				AF78F8AA1DD120630012EA1E /* Page.h */,
				AF78F8AB1DD120630012EA1E /* Page.m */,
				AF99F0851DE4A96A00022926 /* Map View Controller */,
				AFAEDFF81DC4B12D001584B6 /* Settings View Controller */,
				AF4C96EA1DC11D84004961BC /* Camera View Controller */,
				AF4C96E91DC11D75004961BC /* Root View Controller */,
			);
			name = "View Controller";
			sourceTree = "<group>";
		};
		AF4C96E91DC11D75004961BC /* Root View Controller */ = {
			isa = PBXGroup;
			children = (
				AFE2F9B21DCA27470081B80B /* Root Model */,
				AF78F8AC1DD120630012EA1E /* RootViewController.h */,
				AF78F8AD1DD120630012EA1E /* RootViewController.m */,
			);
			name = "Root View Controller";
			sourceTree = "<group>";
		};
		AF4C96EA1DC11D84004961BC /* Camera View Controller */ = {
			isa = PBXGroup;
			children = (
				AFE6EE701DD7AE9C00EE3F18 /* Delegate */,
				AF4C96EC1DC11E30004961BC /* Camera View */,
				AF78F8A81DD120630012EA1E /* CameraViewController.h */,
				AF78F8A91DD120630012EA1E /* CameraViewController.m */,
			);
			name = "Camera View Controller";
			sourceTree = "<group>";
		};
		AF4C96EC1DC11E30004961BC /* Camera View */ = {
			isa = PBXGroup;
			children = (
				AFE6EE691DD7AE7A00EE3F18 /* CameraView.h */,
				AFE6EE6A1DD7AE7A00EE3F18 /* CameraView.m */,
				AF78F8A41DD120630012EA1E /* CaptureView.h */,
				AF78F8A51DD120630012EA1E /* CaptureView.m */,
			);
			name = "Camera View";
			sourceTree = "<group>";
		};
		AF605EA01DD75BAA00D38E8F /* Model */ = {
			isa = PBXGroup;
			children = (
				AF605E9D1DD75A5800D38E8F /* SettingsTableDataSource.h */,
				AF605E9E1DD75A5800D38E8F /* SettingsTableDataSource.m */,
			);
			name = Model;
			sourceTree = "<group>";
		};
		AF864CB41DE78EFA000CBDB7 /* Model */ = {
			isa = PBXGroup;
			children = (
				AF864CB21DE77E42000CBDB7 /* WroclawDefaultLocation.gpx */,
				AF864CB81DE792D1000CBDB7 /* MapModel.xcdatamodeld */,
				AF864CC01DE7999A000CBDB7 /* MOMapPoint.h */,
				AF864CC11DE7999A000CBDB7 /* MOMapPoint.m */,
				AF864CC31DE7B0CE000CBDB7 /* MapPoint.h */,
				AF864CC41DE7B0CE000CBDB7 /* MapPoint.m */,
				AF864CBD1DE797B2000CBDB7 /* MapViewDataSource.h */,
				AF864CBE1DE797B2000CBDB7 /* MapViewDataSource.m */,
			);
			name = Model;
			sourceTree = "<group>";
		};
		AF99F0851DE4A96A00022926 /* Map View Controller */ = {
			isa = PBXGroup;
			children = (
				AF864CB41DE78EFA000CBDB7 /* Model */,
				AF99F08C1DE4A9B400022926 /* Map View */,
				AF99F0861DE4A99800022926 /* MapViewController.h */,
				AF99F0871DE4A99800022926 /* MapViewController.m */,
			);
			name = "Map View Controller";
			sourceTree = "<group>";
		};
		AF99F08C1DE4A9B400022926 /* Map View */ = {
			isa = PBXGroup;
			children = (
				AF99F0891DE4A9AE00022926 /* MapView.h */,
				AF99F08A1DE4A9AE00022926 /* MapView.m */,
			);
			name = "Map View";
			sourceTree = "<group>";
		};
		AFAEDFF81DC4B12D001584B6 /* Settings View Controller */ = {
			isa = PBXGroup;
			children = (
				AF605EA01DD75BAA00D38E8F /* Model */,
				AFAEDFF91DC4B1AE001584B6 /* Settings View */,
				AF78F8AE1DD120630012EA1E /* SettingsViewController.h */,
				AF78F8AF1DD120630012EA1E /* SettingsViewController.m */,
			);
			name = "Settings View Controller";
			sourceTree = "<group>";
		};
		AFAEDFF91DC4B1AE001584B6 /* Settings View */ = {
			isa = PBXGroup;
			children = (
				AFE6EE6B1DD7AE7A00EE3F18 /* SettingsTableViewCell.h */,
				AFE6EE6C1DD7AE7A00EE3F18 /* SettingsTableViewCell.m */,
				AF78F8A61DD120630012EA1E /* SettingsView.h */,
				AF78F8A71DD120630012EA1E /* SettingsView.m */,
			);
			name = "Settings View";
			sourceTree = "<group>";
		};
		AFE2F9B21DCA27470081B80B /* Root Model */ = {
			isa = PBXGroup;
			children = (
				AF78F8A01DD120630012EA1E /* RootModel.h */,
				AF78F8A11DD120630012EA1E /* RootModel.m */,
				AF78F8A21DD120630012EA1E /* RootModelString.h */,
				AF78F8A31DD120630012EA1E /* RootModelString.m */,
			);
			name = "Root Model";
			sourceTree = "<group>";
		};
		AFE6EE701DD7AE9C00EE3F18 /* Delegate */ = {
			isa = PBXGroup;
			children = (
				AFE6EE761DD7C26400EE3F18 /* PhotoCaptureDelegate.h */,
				AFE6EE771DD7C26400EE3F18 /* PhotoCaptureDelegate.m */,
			);
			name = Delegate;
			sourceTree = "<group>";
		};
		F248A18876E0E2A4C9E1A9F6 /* Pods */ = {
			isa = PBXGroup;
			children = (
				106B87F6DB01B54E498FBF8D /* Pods-Vratis.debug.xcconfig */,
				0EE5B8976F6C6F6679486D27 /* Pods-Vratis.release.xcconfig */,
				79DAA62CF828877EC0757B93 /* Pods-VratisTests.debug.xcconfig */,
				D811B7ABF75B2446102ABC59 /* Pods-VratisTests.release.xcconfig */,
			);
			name = Pods;
			sourceTree = "<group>";
		};
/* End PBXGroup section */

/* Begin PBXNativeTarget section */
		AF4C96B81DC117EE004961BC /* Vratis */ = {
			isa = PBXNativeTarget;
			buildConfigurationList = AF4C96DB1DC117EF004961BC /* Build configuration list for PBXNativeTarget "Vratis" */;
			buildPhases = (
				2F53F2E352C190213D87229C /* [CP] Check Pods Manifest.lock */,
				AF4C96B51DC117EE004961BC /* Sources */,
				AF4C96B61DC117EE004961BC /* Frameworks */,
				AF4C96B71DC117EE004961BC /* Resources */,
				1CC98295D0298BA34E4F072F /* [CP] Embed Pods Frameworks */,
				44CBDC727B18454E6E7EAB14 /* [CP] Copy Pods Resources */,
			);
			buildRules = (
			);
			dependencies = (
			);
			name = Vratis;
			productName = Vratis;
			productReference = AF4C96B91DC117EE004961BC /* Vratis.app */;
			productType = "com.apple.product-type.application";
		};
		AF4C96D11DC117EF004961BC /* VratisTests */ = {
			isa = PBXNativeTarget;
			buildConfigurationList = AF4C96DE1DC117EF004961BC /* Build configuration list for PBXNativeTarget "VratisTests" */;
			buildPhases = (
				5041710783AEE6B08604C667 /* [CP] Check Pods Manifest.lock */,
				AF4C96CE1DC117EF004961BC /* Sources */,
				AF4C96CF1DC117EF004961BC /* Frameworks */,
				AF4C96D01DC117EF004961BC /* Resources */,
				E914C9E2D77D31C35A3989F1 /* [CP] Embed Pods Frameworks */,
				7ECEE57B60CCEA0970A6E115 /* [CP] Copy Pods Resources */,
			);
			buildRules = (
			);
			dependencies = (
				AF4C96D41DC117EF004961BC /* PBXTargetDependency */,
			);
			name = VratisTests;
			productName = VratisTests;
			productReference = AF4C96D21DC117EF004961BC /* VratisTests.xctest */;
			productType = "com.apple.product-type.bundle.unit-test";
		};
/* End PBXNativeTarget section */

/* Begin PBXProject section */
		AF4C96B11DC117EE004961BC /* Project object */ = {
			isa = PBXProject;
			attributes = {
				LastUpgradeCheck = 0810;
				ORGANIZATIONNAME = "Budyn&Friends";
				TargetAttributes = {
					AF4C96B81DC117EE004961BC = {
						CreatedOnToolsVersion = 8.0;
						DevelopmentTeam = AD6M7L74H7;
						ProvisioningStyle = Automatic;
					};
					AF4C96D11DC117EF004961BC = {
						CreatedOnToolsVersion = 8.0;
						DevelopmentTeam = AD6M7L74H7;
						ProvisioningStyle = Automatic;
						TestTargetID = AF4C96B81DC117EE004961BC;
					};
				};
			};
			buildConfigurationList = AF4C96B41DC117EE004961BC /* Build configuration list for PBXProject "Vratis" */;
			compatibilityVersion = "Xcode 3.2";
			developmentRegion = English;
			hasScannedForEncodings = 0;
			knownRegions = (
				en,
				Base,
			);
			mainGroup = AF4C96B01DC117EE004961BC;
			productRefGroup = AF4C96BA1DC117EE004961BC /* Products */;
			projectDirPath = "";
			projectRoot = "";
			targets = (
				AF4C96B81DC117EE004961BC /* Vratis */,
				AF4C96D11DC117EF004961BC /* VratisTests */,
			);
		};
/* End PBXProject section */

/* Begin PBXResourcesBuildPhase section */
		AF4C96B71DC117EE004961BC /* Resources */ = {
			isa = PBXResourcesBuildPhase;
			buildActionMask = 2147483647;
			files = (
				AF4C96CC1DC117EE004961BC /* LaunchScreen.storyboard in Resources */,
				AFB5D2671DCFBA8600A35812 /* Media.xcassets in Resources */,
				AF864CB31DE77E42000CBDB7 /* WroclawDefaultLocation.gpx in Resources */,
				AF4C96C71DC117EE004961BC /* Camera.storyboard in Resources */,
				AFE6EE731DD7B37D00EE3F18 /* UserDefaults.plist in Resources */,
			);
			runOnlyForDeploymentPostprocessing = 0;
		};
		AF4C96D01DC117EF004961BC /* Resources */ = {
			isa = PBXResourcesBuildPhase;
			buildActionMask = 2147483647;
			files = (
			);
			runOnlyForDeploymentPostprocessing = 0;
		};
/* End PBXResourcesBuildPhase section */

/* Begin PBXShellScriptBuildPhase section */
		1CC98295D0298BA34E4F072F /* [CP] Embed Pods Frameworks */ = {
			isa = PBXShellScriptBuildPhase;
			buildActionMask = 2147483647;
			files = (
			);
			inputPaths = (
			);
			name = "[CP] Embed Pods Frameworks";
			outputPaths = (
			);
			runOnlyForDeploymentPostprocessing = 0;
			shellPath = /bin/sh;
			shellScript = "\"${SRCROOT}/Pods/Target Support Files/Pods-Vratis/Pods-Vratis-frameworks.sh\"\n";
			showEnvVarsInLog = 0;
		};
		2F53F2E352C190213D87229C /* [CP] Check Pods Manifest.lock */ = {
			isa = PBXShellScriptBuildPhase;
			buildActionMask = 2147483647;
			files = (
			);
			inputPaths = (
			);
			name = "[CP] Check Pods Manifest.lock";
			outputPaths = (
			);
			runOnlyForDeploymentPostprocessing = 0;
			shellPath = /bin/sh;
			shellScript = "diff \"${PODS_ROOT}/../Podfile.lock\" \"${PODS_ROOT}/Manifest.lock\" > /dev/null\nif [[ $? != 0 ]] ; then\n    cat << EOM\nerror: The sandbox is not in sync with the Podfile.lock. Run 'pod install' or update your CocoaPods installation.\nEOM\n    exit 1\nfi\n";
			showEnvVarsInLog = 0;
		};
		44CBDC727B18454E6E7EAB14 /* [CP] Copy Pods Resources */ = {
			isa = PBXShellScriptBuildPhase;
			buildActionMask = 2147483647;
			files = (
			);
			inputPaths = (
			);
			name = "[CP] Copy Pods Resources";
			outputPaths = (
			);
			runOnlyForDeploymentPostprocessing = 0;
			shellPath = /bin/sh;
			shellScript = "\"${SRCROOT}/Pods/Target Support Files/Pods-Vratis/Pods-Vratis-resources.sh\"\n";
			showEnvVarsInLog = 0;
		};
		5041710783AEE6B08604C667 /* [CP] Check Pods Manifest.lock */ = {
			isa = PBXShellScriptBuildPhase;
			buildActionMask = 2147483647;
			files = (
			);
			inputPaths = (
			);
			name = "[CP] Check Pods Manifest.lock";
			outputPaths = (
			);
			runOnlyForDeploymentPostprocessing = 0;
			shellPath = /bin/sh;
			shellScript = "diff \"${PODS_ROOT}/../Podfile.lock\" \"${PODS_ROOT}/Manifest.lock\" > /dev/null\nif [[ $? != 0 ]] ; then\n    cat << EOM\nerror: The sandbox is not in sync with the Podfile.lock. Run 'pod install' or update your CocoaPods installation.\nEOM\n    exit 1\nfi\n";
			showEnvVarsInLog = 0;
		};
		7ECEE57B60CCEA0970A6E115 /* [CP] Copy Pods Resources */ = {
			isa = PBXShellScriptBuildPhase;
			buildActionMask = 2147483647;
			files = (
			);
			inputPaths = (
			);
			name = "[CP] Copy Pods Resources";
			outputPaths = (
			);
			runOnlyForDeploymentPostprocessing = 0;
			shellPath = /bin/sh;
			shellScript = "\"${SRCROOT}/Pods/Target Support Files/Pods-VratisTests/Pods-VratisTests-resources.sh\"\n";
			showEnvVarsInLog = 0;
		};
		E914C9E2D77D31C35A3989F1 /* [CP] Embed Pods Frameworks */ = {
			isa = PBXShellScriptBuildPhase;
			buildActionMask = 2147483647;
			files = (
			);
			inputPaths = (
			);
			name = "[CP] Embed Pods Frameworks";
			outputPaths = (
			);
			runOnlyForDeploymentPostprocessing = 0;
			shellPath = /bin/sh;
			shellScript = "\"${SRCROOT}/Pods/Target Support Files/Pods-VratisTests/Pods-VratisTests-frameworks.sh\"\n";
			showEnvVarsInLog = 0;
		};
/* End PBXShellScriptBuildPhase section */

/* Begin PBXSourcesBuildPhase section */
		AF4C96B51DC117EE004961BC /* Sources */ = {
			isa = PBXSourcesBuildPhase;
			buildActionMask = 2147483647;
			files = (
				AF78F8B41DD120630012EA1E /* CameraViewController.m in Sources */,
				AF78F8B71DD120630012EA1E /* SettingsViewController.m in Sources */,
				AFE6EE6F1DD7AE7A00EE3F18 /* SettingsTableViewCell.m in Sources */,
				AF4C96C11DC117EE004961BC /* VratisAppDelegate.m in Sources */,
				AF99F08B1DE4A9AE00022926 /* MapView.m in Sources */,
				AF605E9F1DD75A5800D38E8F /* SettingsTableDataSource.m in Sources */,
				AF78F8B11DD120630012EA1E /* RootModelString.m in Sources */,
				AF4C96BE1DC117EE004961BC /* main.m in Sources */,
				AF78F8B21DD120630012EA1E /* CaptureView.m in Sources */,
				AF78F8B61DD120630012EA1E /* RootViewController.m in Sources */,
				AF864CC21DE7999A000CBDB7 /* MOMapPoint.m in Sources */,
				AFE6EE6E1DD7AE7A00EE3F18 /* CameraView.m in Sources */,
				AF78F8B01DD120630012EA1E /* RootModel.m in Sources */,
				AF99F0881DE4A99800022926 /* MapViewController.m in Sources */,
				AF864CC51DE7B0CE000CBDB7 /* MapPoint.m in Sources */,
				AFE6EE791DD7C26400EE3F18 /* PhotoCaptureDelegate.m in Sources */,
				AF78F8B51DD120630012EA1E /* Page.m in Sources */,
				AFE6EE781DD7C26400EE3F18 /* NSError+Description.m in Sources */,
				AF864CBA1DE792D1000CBDB7 /* MapModel.xcdatamodeld in Sources */,
				AF864CBF1DE797B2000CBDB7 /* MapViewDataSource.m in Sources */,
				AF78F8B31DD120630012EA1E /* SettingsView.m in Sources */,
			);
			runOnlyForDeploymentPostprocessing = 0;
		};
		AF4C96CE1DC117EF004961BC /* Sources */ = {
			isa = PBXSourcesBuildPhase;
			buildActionMask = 2147483647;
			files = (
				AF4C96D71DC117EF004961BC /* VratisTests.m in Sources */,
			);
			runOnlyForDeploymentPostprocessing = 0;
		};
/* End PBXSourcesBuildPhase section */

/* Begin PBXTargetDependency section */
		AF4C96D41DC117EF004961BC /* PBXTargetDependency */ = {
			isa = PBXTargetDependency;
			target = AF4C96B81DC117EE004961BC /* Vratis */;
			targetProxy = AF4C96D31DC117EF004961BC /* PBXContainerItemProxy */;
		};
/* End PBXTargetDependency section */

/* Begin PBXVariantGroup section */
		AF4C96C51DC117EE004961BC /* Camera.storyboard */ = {
			isa = PBXVariantGroup;
			children = (
				AF4C96C61DC117EE004961BC /* Base */,
			);
			name = Camera.storyboard;
			path = Vratis;
			sourceTree = "<group>";
		};
		AF4C96CA1DC117EE004961BC /* LaunchScreen.storyboard */ = {
			isa = PBXVariantGroup;
			children = (
				AF4C96CB1DC117EE004961BC /* Base */,
			);
			name = LaunchScreen.storyboard;
			path = Vratis;
			sourceTree = "<group>";
		};
/* End PBXVariantGroup section */

/* Begin XCBuildConfiguration section */
		AF4C96D91DC117EF004961BC /* Debug */ = {
			isa = XCBuildConfiguration;
			buildSettings = {
				ALWAYS_SEARCH_USER_PATHS = NO;
				CLANG_ANALYZER_NONNULL = YES;
				CLANG_CXX_LANGUAGE_STANDARD = "gnu++0x";
				CLANG_CXX_LIBRARY = "libc++";
				CLANG_ENABLE_MODULES = YES;
				CLANG_ENABLE_OBJC_ARC = YES;
				CLANG_WARN_BOOL_CONVERSION = YES;
				CLANG_WARN_CONSTANT_CONVERSION = YES;
				CLANG_WARN_DIRECT_OBJC_ISA_USAGE = YES_ERROR;
				CLANG_WARN_DOCUMENTATION_COMMENTS = YES;
				CLANG_WARN_EMPTY_BODY = YES;
				CLANG_WARN_ENUM_CONVERSION = YES;
				CLANG_WARN_INFINITE_RECURSION = YES;
				CLANG_WARN_INT_CONVERSION = YES;
				CLANG_WARN_OBJC_ROOT_CLASS = YES_ERROR;
				CLANG_WARN_SUSPICIOUS_MOVE = YES;
				CLANG_WARN_SUSPICIOUS_MOVES = YES;
				CLANG_WARN_UNREACHABLE_CODE = YES;
				CLANG_WARN__DUPLICATE_METHOD_MATCH = YES;
				"CODE_SIGN_IDENTITY[sdk=iphoneos*]" = "iPhone Developer";
				COPY_PHASE_STRIP = NO;
				DEBUG_INFORMATION_FORMAT = dwarf;
				ENABLE_BITCODE = NO;
				ENABLE_STRICT_OBJC_MSGSEND = YES;
				ENABLE_TESTABILITY = YES;
				GCC_C_LANGUAGE_STANDARD = gnu99;
				GCC_DYNAMIC_NO_PIC = NO;
				GCC_NO_COMMON_BLOCKS = YES;
				GCC_OPTIMIZATION_LEVEL = 0;
				GCC_PREPROCESSOR_DEFINITIONS = (
					"DEBUG=1",
					"$(inherited)",
				);
				GCC_WARN_64_TO_32_BIT_CONVERSION = YES;
				GCC_WARN_ABOUT_RETURN_TYPE = YES_ERROR;
				GCC_WARN_UNDECLARED_SELECTOR = YES;
				GCC_WARN_UNINITIALIZED_AUTOS = YES_AGGRESSIVE;
				GCC_WARN_UNUSED_FUNCTION = YES;
				GCC_WARN_UNUSED_VARIABLE = YES;
				IPHONEOS_DEPLOYMENT_TARGET = 10.0;
				MTL_ENABLE_DEBUG_INFO = YES;
				ONLY_ACTIVE_ARCH = YES;
				SDKROOT = iphoneos;
				TARGETED_DEVICE_FAMILY = "1,2";
			};
			name = Debug;
		};
		AF4C96DA1DC117EF004961BC /* Release */ = {
			isa = XCBuildConfiguration;
			buildSettings = {
				ALWAYS_SEARCH_USER_PATHS = NO;
				CLANG_ANALYZER_NONNULL = YES;
				CLANG_CXX_LANGUAGE_STANDARD = "gnu++0x";
				CLANG_CXX_LIBRARY = "libc++";
				CLANG_ENABLE_MODULES = YES;
				CLANG_ENABLE_OBJC_ARC = YES;
				CLANG_WARN_BOOL_CONVERSION = YES;
				CLANG_WARN_CONSTANT_CONVERSION = YES;
				CLANG_WARN_DIRECT_OBJC_ISA_USAGE = YES_ERROR;
				CLANG_WARN_DOCUMENTATION_COMMENTS = YES;
				CLANG_WARN_EMPTY_BODY = YES;
				CLANG_WARN_ENUM_CONVERSION = YES;
				CLANG_WARN_INFINITE_RECURSION = YES;
				CLANG_WARN_INT_CONVERSION = YES;
				CLANG_WARN_OBJC_ROOT_CLASS = YES_ERROR;
				CLANG_WARN_SUSPICIOUS_MOVE = YES;
				CLANG_WARN_SUSPICIOUS_MOVES = YES;
				CLANG_WARN_UNREACHABLE_CODE = YES;
				CLANG_WARN__DUPLICATE_METHOD_MATCH = YES;
				"CODE_SIGN_IDENTITY[sdk=iphoneos*]" = "iPhone Developer";
				COPY_PHASE_STRIP = NO;
				DEBUG_INFORMATION_FORMAT = "dwarf-with-dsym";
				ENABLE_BITCODE = NO;
				ENABLE_NS_ASSERTIONS = NO;
				ENABLE_STRICT_OBJC_MSGSEND = YES;
				GCC_C_LANGUAGE_STANDARD = gnu99;
				GCC_NO_COMMON_BLOCKS = YES;
				GCC_WARN_64_TO_32_BIT_CONVERSION = YES;
				GCC_WARN_ABOUT_RETURN_TYPE = YES_ERROR;
				GCC_WARN_UNDECLARED_SELECTOR = YES;
				GCC_WARN_UNINITIALIZED_AUTOS = YES_AGGRESSIVE;
				GCC_WARN_UNUSED_FUNCTION = YES;
				GCC_WARN_UNUSED_VARIABLE = YES;
				IPHONEOS_DEPLOYMENT_TARGET = 10.0;
				MTL_ENABLE_DEBUG_INFO = NO;
				SDKROOT = iphoneos;
				TARGETED_DEVICE_FAMILY = "1,2";
				VALIDATE_PRODUCT = YES;
			};
			name = Release;
		};
		AF4C96DC1DC117EF004961BC /* Debug */ = {
			isa = XCBuildConfiguration;
			baseConfigurationReference = 106B87F6DB01B54E498FBF8D /* Pods-Vratis.debug.xcconfig */;
			buildSettings = {
				ASSETCATALOG_COMPILER_APPICON_NAME = AppIcon;
				"CODE_SIGN_IDENTITY[sdk=iphoneos*]" = "iPhone Developer";
				DEVELOPMENT_TEAM = AD6M7L74H7;
				ENABLE_BITCODE = NO;
				INFOPLIST_FILE = Vratis/Info.plist;
				IPHONEOS_DEPLOYMENT_TARGET = 9.0;
				LD_RUNPATH_SEARCH_PATHS = "$(inherited) @executable_path/Frameworks";
				PRODUCT_BUNDLE_IDENTIFIER = com.budyn.Vratis;
				PRODUCT_NAME = "$(TARGET_NAME)";
			};
			name = Debug;
		};
		AF4C96DD1DC117EF004961BC /* Release */ = {
			isa = XCBuildConfiguration;
			baseConfigurationReference = 0EE5B8976F6C6F6679486D27 /* Pods-Vratis.release.xcconfig */;
			buildSettings = {
				ASSETCATALOG_COMPILER_APPICON_NAME = AppIcon;
				"CODE_SIGN_IDENTITY[sdk=iphoneos*]" = "iPhone Developer";
				DEVELOPMENT_TEAM = AD6M7L74H7;
				ENABLE_BITCODE = NO;
				INFOPLIST_FILE = Vratis/Info.plist;
				IPHONEOS_DEPLOYMENT_TARGET = 9.0;
				LD_RUNPATH_SEARCH_PATHS = "$(inherited) @executable_path/Frameworks";
				PRODUCT_BUNDLE_IDENTIFIER = com.budyn.Vratis;
				PRODUCT_NAME = "$(TARGET_NAME)";
			};
			name = Release;
		};
		AF4C96DF1DC117EF004961BC /* Debug */ = {
			isa = XCBuildConfiguration;
			baseConfigurationReference = 79DAA62CF828877EC0757B93 /* Pods-VratisTests.debug.xcconfig */;
			buildSettings = {
				BUNDLE_LOADER = "$(TEST_HOST)";
				DEVELOPMENT_TEAM = AD6M7L74H7;
				INFOPLIST_FILE = VratisTests/Info.plist;
				LD_RUNPATH_SEARCH_PATHS = "$(inherited) @executable_path/Frameworks @loader_path/Frameworks";
				PRODUCT_BUNDLE_IDENTIFIER = com.budyn.vratis.VratisTests;
				PRODUCT_NAME = "$(TARGET_NAME)";
				TEST_HOST = "$(BUILT_PRODUCTS_DIR)/Vratis.app/Vratis";
			};
			name = Debug;
		};
		AF4C96E01DC117EF004961BC /* Release */ = {
			isa = XCBuildConfiguration;
			baseConfigurationReference = D811B7ABF75B2446102ABC59 /* Pods-VratisTests.release.xcconfig */;
			buildSettings = {
				BUNDLE_LOADER = "$(TEST_HOST)";
				DEVELOPMENT_TEAM = AD6M7L74H7;
				INFOPLIST_FILE = VratisTests/Info.plist;
				LD_RUNPATH_SEARCH_PATHS = "$(inherited) @executable_path/Frameworks @loader_path/Frameworks";
				PRODUCT_BUNDLE_IDENTIFIER = com.budyn.vratis.VratisTests;
				PRODUCT_NAME = "$(TARGET_NAME)";
				TEST_HOST = "$(BUILT_PRODUCTS_DIR)/Vratis.app/Vratis";
			};
			name = Release;
		};
/* End XCBuildConfiguration section */

/* Begin XCConfigurationList section */
		AF4C96B41DC117EE004961BC /* Build configuration list for PBXProject "Vratis" */ = {
			isa = XCConfigurationList;
			buildConfigurations = (
				AF4C96D91DC117EF004961BC /* Debug */,
				AF4C96DA1DC117EF004961BC /* Release */,
			);
			defaultConfigurationIsVisible = 0;
			defaultConfigurationName = Release;
		};
		AF4C96DB1DC117EF004961BC /* Build configuration list for PBXNativeTarget "Vratis" */ = {
			isa = XCConfigurationList;
			buildConfigurations = (
				AF4C96DC1DC117EF004961BC /* Debug */,
				AF4C96DD1DC117EF004961BC /* Release */,
			);
			defaultConfigurationIsVisible = 0;
			defaultConfigurationName = Release;
		};
		AF4C96DE1DC117EF004961BC /* Build configuration list for PBXNativeTarget "VratisTests" */ = {
			isa = XCConfigurationList;
			buildConfigurations = (
				AF4C96DF1DC117EF004961BC /* Debug */,
				AF4C96E01DC117EF004961BC /* Release */,
			);
			defaultConfigurationIsVisible = 0;
			defaultConfigurationName = Release;
		};
/* End XCConfigurationList section */

/* Begin XCVersionGroup section */
		AF864CB81DE792D1000CBDB7 /* MapModel.xcdatamodeld */ = {
			isa = XCVersionGroup;
			children = (
				AF864CB91DE792D1000CBDB7 /* MapModel.xcdatamodel */,
			);
			currentVersion = AF864CB91DE792D1000CBDB7 /* MapModel.xcdatamodel */;
			name = MapModel.xcdatamodeld;
			path = ../MapModel.xcdatamodeld;
			sourceTree = "<group>";
			versionGroupType = wrapper.xcdatamodel;
		};
/* End XCVersionGroup section */
	};
	rootObject = AF4C96B11DC117EE004961BC /* Project object */;
}
